
Microsoft Visual Studio Solution File, Format Version 12.00
# Visual Studio Version 17
VisualStudioVersion = 17.13.35825.156
MinimumVisualStudioVersion = 10.0.40219.1
Project("{FAE04EC0-301F-11D3-BF4B-00C04F79EFBC}") = "CSOS.UI", "CSOS.UI\CSOS.UI.csproj", "{B6D63733-DA9E-4B25-922A-CF789ABC362B}"
EndProject
Project("{2150E333-8FDC-42A3-9474-1A3956D46DE8}") = "src", "src", "{02EA681E-C7D8-13C7-8484-4AC65E1B71E8}"
EndProject
Project("{2150E333-8FDC-42A3-9474-1A3956D46DE8}") = "tests", "tests", "{48F8D270-774F-4FAA-BC2E-DE7F9254B946}"
EndProject
Project("{FAE04EC0-301F-11D3-BF4B-00C04F79EFBC}") = "CSOS.Core", "CSOS.Core\CSOS.Core.csproj", "{C5150471-6711-4B37-A1DC-4E5ED77677FC}"
EndProject
Project("{FAE04EC0-301F-11D3-BF4B-00C04F79EFBC}") = "CSOS.Infrastructure", "CSOS.Infrastructure\CSOS.Infrastructure.csproj", "{F106157F-0D96-4840-8740-35D91CD1F898}"
EndProject
Global
	GlobalSection(SolutionConfigurationPlatforms) = preSolution
		Debug|Any CPU = Debug|Any CPU
		Debug|x64 = Debug|x64
		Debug|x86 = Debug|x86
		Release|Any CPU = Release|Any CPU
		Release|x64 = Release|x64
		Release|x86 = Release|x86
	EndGlobalSection
	GlobalSection(ProjectConfigurationPlatforms) = postSolution
		{B6D63733-DA9E-4B25-922A-CF789ABC362B}.Debug|Any CPU.ActiveCfg = Debug|Any CPU
		{B6D63733-DA9E-4B25-922A-CF789ABC362B}.Debug|Any CPU.Build.0 = Debug|Any CPU
		{B6D63733-DA9E-4B25-922A-CF789ABC362B}.Debug|x64.ActiveCfg = Debug|Any CPU
		{B6D63733-DA9E-4B25-922A-CF789ABC362B}.Debug|x64.Build.0 = Debug|Any CPU
		{B6D63733-DA9E-4B25-922A-CF789ABC362B}.Debug|x86.ActiveCfg = Debug|Any CPU
		{B6D63733-DA9E-4B25-922A-CF789ABC362B}.Debug|x86.Build.0 = Debug|Any CPU
		{B6D63733-DA9E-4B25-922A-CF789ABC362B}.Release|Any CPU.ActiveCfg = Release|Any CPU
		{B6D63733-DA9E-4B25-922A-CF789ABC362B}.Release|Any CPU.Build.0 = Release|Any CPU
		{B6D63733-DA9E-4B25-922A-CF789ABC362B}.Release|x64.ActiveCfg = Release|Any CPU
		{B6D63733-DA9E-4B25-922A-CF789ABC362B}.Release|x64.Build.0 = Release|Any CPU
		{B6D63733-DA9E-4B25-922A-CF789ABC362B}.Release|x86.ActiveCfg = Release|Any CPU
		{B6D63733-DA9E-4B25-922A-CF789ABC362B}.Release|x86.Build.0 = Release|Any CPU
		{C5150471-6711-4B37-A1DC-4E5ED77677FC}.Debug|Any CPU.ActiveCfg = Debug|Any CPU
		{C5150471-6711-4B37-A1DC-4E5ED77677FC}.Debug|Any CPU.Build.0 = Debug|Any CPU
		{C5150471-6711-4B37-A1DC-4E5ED77677FC}.Debug|x64.ActiveCfg = Debug|Any CPU
		{C5150471-6711-4B37-A1DC-4E5ED77677FC}.Debug|x64.Build.0 = Debug|Any CPU
		{C5150471-6711-4B37-A1DC-4E5ED77677FC}.Debug|x86.ActiveCfg = Debug|Any CPU
		{C5150471-6711-4B37-A1DC-4E5ED77677FC}.Debug|x86.Build.0 = Debug|Any CPU
		{C5150471-6711-4B37-A1DC-4E5ED77677FC}.Release|Any CPU.ActiveCfg = Release|Any CPU
		{C5150471-6711-4B37-A1DC-4E5ED77677FC}.Release|Any CPU.Build.0 = Release|Any CPU
		{C5150471-6711-4B37-A1DC-4E5ED77677FC}.Release|x64.ActiveCfg = Release|Any CPU
		{C5150471-6711-4B37-A1DC-4E5ED77677FC}.Release|x64.Build.0 = Release|Any CPU
		{C5150471-6711-4B37-A1DC-4E5ED77677FC}.Release|x86.ActiveCfg = Release|Any CPU
		{C5150471-6711-4B37-A1DC-4E5ED77677FC}.Release|x86.Build.0 = Release|Any CPU
		{F106157F-0D96-4840-8740-35D91CD1F898}.Debug|Any CPU.ActiveCfg = Debug|Any CPU
		{F106157F-0D96-4840-8740-35D91CD1F898}.Debug|Any CPU.Build.0 = Debug|Any CPU
		{F106157F-0D96-4840-8740-35D91CD1F898}.Debug|x64.ActiveCfg = Debug|Any CPU
		{F106157F-0D96-4840-8740-35D91CD1F898}.Debug|x64.Build.0 = Debug|Any CPU
		{F106157F-0D96-4840-8740-35D91CD1F898}.Debug|x86.ActiveCfg = Debug|Any CPU
		{F106157F-0D96-4840-8740-35D91CD1F898}.Debug|x86.Build.0 = Debug|Any CPU
		{F106157F-0D96-4840-8740-35D91CD1F898}.Release|Any CPU.ActiveCfg = Release|Any CPU
		{F106157F-0D96-4840-8740-35D91CD1F898}.Release|Any CPU.Build.0 = Release|Any CPU
		{F106157F-0D96-4840-8740-35D91CD1F898}.Release|x64.ActiveCfg = Release|Any CPU
		{F106157F-0D96-4840-8740-35D91CD1F898}.Release|x64.Build.0 = Release|Any CPU
		{F106157F-0D96-4840-8740-35D91CD1F898}.Release|x86.ActiveCfg = Release|Any CPU
		{F106157F-0D96-4840-8740-35D91CD1F898}.Release|x86.Build.0 = Release|Any CPU
	EndGlobalSection
	GlobalSection(SolutionProperties) = preSolution
		HideSolutionNode = FALSE
	EndGlobalSection
	GlobalSection(NestedProjects) = preSolution
		{B6D63733-DA9E-4B25-922A-CF789ABC362B} = {02EA681E-C7D8-13C7-8484-4AC65E1B71E8}
		{C5150471-6711-4B37-A1DC-4E5ED77677FC} = {02EA681E-C7D8-13C7-8484-4AC65E1B71E8}
		{F106157F-0D96-4840-8740-35D91CD1F898} = {02EA681E-C7D8-13C7-8484-4AC65E1B71E8}
	EndGlobalSection
	GlobalSection(ExtensibilityGlobals) = postSolution
		SolutionGuid = {8B51BC93-F928-4C86-9613-99A587C5B42C}
	EndGlobalSection
EndGlobal
